// !$*UTF8*$!
{
	archiveVersion = 1;
	classes = {
	};
	objectVersion = 56;
	objects = {

/* Begin PBXBuildFile section */
		A10001012C00000100000001 /* SinceApp.swift in Sources */ = {isa = PBXBuildFile; fileRef = B10001012C00000100000001 /* SinceApp.swift */; };
		A10001022C00000100000001 /* AppEnvironment.swift in Sources */ = {isa = PBXBuildFile; fileRef = B10001022C00000100000001 /* AppEnvironment.swift */; };
		A10001032C00000100000001 /* IntervalUnit.swift in Sources */ = {isa = PBXBuildFile; fileRef = B10001032C00000100000001 /* IntervalUnit.swift */; };
		A10001042C00000100000001 /* ItemStatus.swift in Sources */ = {isa = PBXBuildFile; fileRef = B10001042C00000100000001 /* ItemStatus.swift */; };
		A10001052C00000100000001 /* Category.swift in Sources */ = {isa = PBXBuildFile; fileRef = B10001052C00000100000001 /* Category.swift */; };
		A10001062C00000100000001 /* CompletionRecord.swift in Sources */ = {isa = PBXBuildFile; fileRef = B10001062C00000100000001 /* CompletionRecord.swift */; };
		A10001072C00000100000001 /* TrackedItem.swift in Sources */ = {isa = PBXBuildFile; fileRef = B10001072C00000100000001 /* TrackedItem.swift */; };
		A10001082C00000100000001 /* UserSettings.swift in Sources */ = {isa = PBXBuildFile; fileRef = B10001082C00000100000001 /* UserSettings.swift */; };
		A10001092C00000100000001 /* DateCalculationService.swift in Sources */ = {isa = PBXBuildFile; fileRef = B10001092C00000100000001 /* DateCalculationService.swift */; };
		A100010A2C00000100000001 /* PersistenceService.swift in Sources */ = {isa = PBXBuildFile; fileRef = B100010A2C00000100000001 /* PersistenceService.swift */; };
		A100010B2C00000100000001 /* NotificationService.swift in Sources */ = {isa = PBXBuildFile; fileRef = B100010B2C00000100000001 /* NotificationService.swift */; };
		A100010C2C00000100000001 /* ItemService.swift in Sources */ = {isa = PBXBuildFile; fileRef = B100010C2C00000100000001 /* ItemService.swift */; };
		A100010D2C00000100000001 /* ExportImportService.swift in Sources */ = {isa = PBXBuildFile; fileRef = B100010D2C00000100000001 /* ExportImportService.swift */; };
		A100010E2C00000100000001 /* CategoryIconView.swift in Sources */ = {isa = PBXBuildFile; fileRef = B100010E2C00000100000001 /* CategoryIconView.swift */; };
		A100010F2C00000100000001 /* StatusBadge.swift in Sources */ = {isa = PBXBuildFile; fileRef = B100010F2C00000100000001 /* StatusBadge.swift */; };
		A10001102C00000100000001 /* PrimaryButton.swift in Sources */ = {isa = PBXBuildFile; fileRef = B10001102C00000100000001 /* PrimaryButton.swift */; };
		A10001112C00000100000001 /* EmptyStateView.swift in Sources */ = {isa = PBXBuildFile; fileRef = B10001112C00000100000001 /* EmptyStateView.swift */; };
		A10001122C00000100000001 /* ItemRow.swift in Sources */ = {isa = PBXBuildFile; fileRef = B10001122C00000100000001 /* ItemRow.swift */; };
		A10001132C00000100000001 /* HomeView.swift in Sources */ = {isa = PBXBuildFile; fileRef = B10001132C00000100000001 /* HomeView.swift */; };
		A10001142C00000100000001 /* HomeSectionView.swift in Sources */ = {isa = PBXBuildFile; fileRef = B10001142C00000100000001 /* HomeSectionView.swift */; };
		A10001152C00000100000001 /* AddItemView.swift in Sources */ = {isa = PBXBuildFile; fileRef = B10001152C00000100000001 /* AddItemView.swift */; };
		A10001162C00000100000001 /* TemplatePickerView.swift in Sources */ = {isa = PBXBuildFile; fileRef = B10001162C00000100000001 /* TemplatePickerView.swift */; };
		A10001172C00000100000001 /* ItemDetailView.swift in Sources */ = {isa = PBXBuildFile; fileRef = B10001172C00000100000001 /* ItemDetailView.swift */; };
		A10001182C00000100000001 /* EditItemView.swift in Sources */ = {isa = PBXBuildFile; fileRef = B10001182C00000100000001 /* EditItemView.swift */; };
		A10001192C00000100000001 /* EditRecordView.swift in Sources */ = {isa = PBXBuildFile; fileRef = B10001192C00000100000001 /* EditRecordView.swift */; };
		A100011A2C00000100000001 /* AddRecordView.swift in Sources */ = {isa = PBXBuildFile; fileRef = B100011A2C00000100000001 /* AddRecordView.swift */; };
		A100011B2C00000100000001 /* SettingsView.swift in Sources */ = {isa = PBXBuildFile; fileRef = B100011B2C00000100000001 /* SettingsView.swift */; };
		A100011C2C00000100000001 /* ArchivedItemsView.swift in Sources */ = {isa = PBXBuildFile; fileRef = B100011C2C00000100000001 /* ArchivedItemsView.swift */; };
		A100011D2C00000100000001 /* OnboardingView.swift in Sources */ = {isa = PBXBuildFile; fileRef = B100011D2C00000100000001 /* OnboardingView.swift */; };
		A100011E2C00000100000001 /* SinceIntents.swift in Sources */ = {isa = PBXBuildFile; fileRef = B100011E2C00000100000001 /* SinceIntents.swift */; };
		A100011F2C00000100000001 /* Assets.xcassets in Resources */ = {isa = PBXBuildFile; fileRef = B100011F2C00000100000001 /* Assets.xcassets */; };
		
		/* Widget Target Sources */
		A20002012C00000100000001 /* SinceWidgetBundle.swift in Sources */ = {isa = PBXBuildFile; fileRef = B20002012C00000100000001 /* SinceWidgetBundle.swift */; };
		A20002022C00000100000001 /* SinceWidget.swift in Sources */ = {isa = PBXBuildFile; fileRef = B20002022C00000100000001 /* SinceWidget.swift */; };
		A20002032C00000100000001 /* SinceWidgetProvider.swift in Sources */ = {isa = PBXBuildFile; fileRef = B20002032C00000100000001 /* SinceWidgetProvider.swift */; };
		A20002042C00000100000001 /* WidgetViews.swift in Sources */ = {isa = PBXBuildFile; fileRef = B20002042C00000100000001 /* WidgetViews.swift */; };
		A20002052C00000100000001 /* TrackedItem.swift in Sources */ = {isa = PBXBuildFile; fileRef = B10001072C00000100000001 /* TrackedItem.swift */; };
		A20002062C00000100000001 /* CompletionRecord.swift in Sources */ = {isa = PBXBuildFile; fileRef = B10001062C00000100000001 /* CompletionRecord.swift */; };
		A20002072C00000100000001 /* IntervalUnit.swift in Sources */ = {isa = PBXBuildFile; fileRef = B10001032C00000100000001 /* IntervalUnit.swift */; };
		A20002082C00000100000001 /* ItemStatus.swift in Sources */ = {isa = PBXBuildFile; fileRef = B10001042C00000100000001 /* ItemStatus.swift */; };
		A20002092C00000100000001 /* DateCalculationService.swift in Sources */ = {isa = PBXBuildFile; fileRef = B10001092C00000100000001 /* DateCalculationService.swift */; };
		A200020A2C00000100000001 /* PersistenceService.swift in Sources */ = {isa = PBXBuildFile; fileRef = B100010A2C00000100000001 /* PersistenceService.swift */; };
		A200020B2C00000100000001 /* UserSettings.swift in Sources */ = {isa = PBXBuildFile; fileRef = B10001082C00000100000001 /* UserSettings.swift */; };
		A200020D2C00000100000001 /* Category.swift in Sources */ = {isa = PBXBuildFile; fileRef = B10001052C00000100000001 /* Category.swift */; };
		A200020C2C00000100000001 /* SinceWidgetExtension.appex in Embed App Extensions */ = {isa = PBXBuildFile; fileRef = C20002002C00000100000001 /* SinceWidgetExtension.appex */; settings = {ATTRIBUTES = (RemoveHeadersOnCopy, ); }; };
		
		/* Tests Target Sources */
		A30003012C00000100000001 /* DateCalculationServiceTests.swift in Sources */ = {isa = PBXBuildFile; fileRef = B30003012C00000100000001 /* DateCalculationServiceTests.swift */; };
		A30003022C00000100000001 /* StatusCalculationTests.swift in Sources */ = {isa = PBXBuildFile; fileRef = B30003022C00000100000001 /* StatusCalculationTests.swift */; };
		A30003032C00000100000001 /* ItemServiceTests.swift in Sources */ = {isa = PBXBuildFile; fileRef = B30003032C00000100000001 /* ItemServiceTests.swift */; };
		A30003042C00000100000001 /* ExportImportTests.swift in Sources */ = {isa = PBXBuildFile; fileRef = B30003042C00000100000001 /* ExportImportTests.swift */; };
/* End PBXBuildFile section */

/* Begin PBXContainerItemProxy section */
		D10000012C00000100000001 /* PBXContainerItemProxy */ = {
			isa = PBXContainerItemProxy;
			containerPortal = 000000012C00000100000001 /* Project object */;
			proxyType = 1;
			remoteGlobalIDString = 200000002C00000100000001;
			remoteInfo = SinceWidgetExtension;
		};
		D10000022C00000100000001 /* PBXContainerItemProxy */ = {
			isa = PBXContainerItemProxy;
			containerPortal = 000000012C00000100000001 /* Project object */;
			proxyType = 1;
			remoteGlobalIDString = 100000002C00000100000001;
			remoteInfo = Since;
		};
/* End PBXContainerItemProxy section */

/* Begin PBXCopyFilesBuildPhase section */
		E10000012C00000100000001 /* Embed App Extensions */ = {
			isa = PBXCopyFilesBuildPhase;
			buildActionMask = 2147483647;
			dstPath = "";
			dstSubfolderSpec = 13;
			files = (
				A200020C2C00000100000001 /* SinceWidgetExtension.appex in Embed App Extensions */,
			);
			name = "Embed App Extensions";
			runOnlyForDeploymentPostprocessing = 0;
		};
/* End PBXCopyFilesBuildPhase section */

/* Begin PBXFileReference section */
		C10001002C00000100000001 /* Since.app */ = {isa = PBXFileReference; explicitFileType = wrapper.application; includeInIndex = 0; path = Since.app; sourceTree = BUILT_PRODUCTS_DIR; };
		C20002002C00000100000001 /* SinceWidgetExtension.appex */ = {isa = PBXFileReference; explicitFileType = "wrapper.app-extension"; includeInIndex = 0; path = SinceWidgetExtension.appex; sourceTree = BUILT_PRODUCTS_DIR; };
		C30003002C00000100000001 /* SinceTests.xctest */ = {isa = PBXFileReference; explicitFileType = wrapper.cfbundle; includeInIndex = 0; path = SinceTests.xctest; sourceTree = BUILT_PRODUCTS_DIR; };
		
		B10001012C00000100000001 /* SinceApp.swift */ = {isa = PBXFileReference; lastKnownFileType = sourcecode.swift; path = SinceApp.swift; sourceTree = "<group>"; };
		B10001022C00000100000001 /* AppEnvironment.swift */ = {isa = PBXFileReference; lastKnownFileType = sourcecode.swift; path = AppEnvironment.swift; sourceTree = "<group>"; };
		B10001032C00000100000001 /* IntervalUnit.swift */ = {isa = PBXFileReference; lastKnownFileType = sourcecode.swift; path = IntervalUnit.swift; sourceTree = "<group>"; };
		B10001042C00000100000001 /* ItemStatus.swift */ = {isa = PBXFileReference; lastKnownFileType = sourcecode.swift; path = ItemStatus.swift; sourceTree = "<group>"; };
		B10001052C00000100000001 /* Category.swift */ = {isa = PBXFileReference; lastKnownFileType = sourcecode.swift; path = Category.swift; sourceTree = "<group>"; };
		B10001062C00000100000001 /* CompletionRecord.swift */ = {isa = PBXFileReference; lastKnownFileType = sourcecode.swift; path = CompletionRecord.swift; sourceTree = "<group>"; };
		B10001072C00000100000001 /* TrackedItem.swift */ = {isa = PBXFileReference; lastKnownFileType = sourcecode.swift; path = TrackedItem.swift; sourceTree = "<group>"; };
		B10001082C00000100000001 /* UserSettings.swift */ = {isa = PBXFileReference; lastKnownFileType = sourcecode.swift; path = UserSettings.swift; sourceTree = "<group>"; };
		B10001092C00000100000001 /* DateCalculationService.swift */ = {isa = PBXFileReference; lastKnownFileType = sourcecode.swift; path = DateCalculationService.swift; sourceTree = "<group>"; };
		B100010A2C00000100000001 /* PersistenceService.swift */ = {isa = PBXFileReference; lastKnownFileType = sourcecode.swift; path = PersistenceService.swift; sourceTree = "<group>"; };
		B100010B2C00000100000001 /* NotificationService.swift */ = {isa = PBXFileReference; lastKnownFileType = sourcecode.swift; path = NotificationService.swift; sourceTree = "<group>"; };
		B100010C2C00000100000001 /* ItemService.swift */ = {isa = PBXFileReference; lastKnownFileType = sourcecode.swift; path = ItemService.swift; sourceTree = "<group>"; };
		B100010D2C00000100000001 /* ExportImportService.swift */ = {isa = PBXFileReference; lastKnownFileType = sourcecode.swift; path = ExportImportService.swift; sourceTree = "<group>"; };
		B100010E2C00000100000001 /* CategoryIconView.swift */ = {isa = PBXFileReference; lastKnownFileType = sourcecode.swift; path = CategoryIconView.swift; sourceTree = "<group>"; };
		B100010F2C00000100000001 /* StatusBadge.swift */ = {isa = PBXFileReference; lastKnownFileType = sourcecode.swift; path = StatusBadge.swift; sourceTree = "<group>"; };
		B10001102C00000100000001 /* PrimaryButton.swift */ = {isa = PBXFileReference; lastKnownFileType = sourcecode.swift; path = PrimaryButton.swift; sourceTree = "<group>"; };
		B10001112C00000100000001 /* EmptyStateView.swift */ = {isa = PBXFileReference; lastKnownFileType = sourcecode.swift; path = EmptyStateView.swift; sourceTree = "<group>"; };
		B10001122C00000100000001 /* ItemRow.swift */ = {isa = PBXFileReference; lastKnownFileType = sourcecode.swift; path = ItemRow.swift; sourceTree = "<group>"; };
		B10001132C00000100000001 /* HomeView.swift */ = {isa = PBXFileReference; lastKnownFileType = sourcecode.swift; path = HomeView.swift; sourceTree = "<group>"; };
		B10001142C00000100000001 /* HomeSectionView.swift */ = {isa = PBXFileReference; lastKnownFileType = sourcecode.swift; path = HomeSectionView.swift; sourceTree = "<group>"; };
		B10001152C00000100000001 /* AddItemView.swift */ = {isa = PBXFileReference; lastKnownFileType = sourcecode.swift; path = AddItemView.swift; sourceTree = "<group>"; };
		B10001162C00000100000001 /* TemplatePickerView.swift */ = {isa = PBXFileReference; lastKnownFileType = sourcecode.swift; path = TemplatePickerView.swift; sourceTree = "<group>"; };
		B10001172C00000100000001 /* ItemDetailView.swift */ = {isa = PBXFileReference; lastKnownFileType = sourcecode.swift; path = ItemDetailView.swift; sourceTree = "<group>"; };
		B10001182C00000100000001 /* EditItemView.swift */ = {isa = PBXFileReference; lastKnownFileType = sourcecode.swift; path = EditItemView.swift; sourceTree = "<group>"; };
		B10001192C00000100000001 /* EditRecordView.swift */ = {isa = PBXFileReference; lastKnownFileType = sourcecode.swift; path = EditRecordView.swift; sourceTree = "<group>"; };
		B100011A2C00000100000001 /* AddRecordView.swift */ = {isa = PBXFileReference; lastKnownFileType = sourcecode.swift; path = AddRecordView.swift; sourceTree = "<group>"; };
		B100011B2C00000100000001 /* SettingsView.swift */ = {isa = PBXFileReference; lastKnownFileType = sourcecode.swift; path = SettingsView.swift; sourceTree = "<group>"; };
		B100011C2C00000100000001 /* ArchivedItemsView.swift */ = {isa = PBXFileReference; lastKnownFileType = sourcecode.swift; path = ArchivedItemsView.swift; sourceTree = "<group>"; };
		B100011D2C00000100000001 /* OnboardingView.swift */ = {isa = PBXFileReference; lastKnownFileType = sourcecode.swift; path = OnboardingView.swift; sourceTree = "<group>"; };
		B100011E2C00000100000001 /* SinceIntents.swift */ = {isa = PBXFileReference; lastKnownFileType = sourcecode.swift; path = SinceIntents.swift; sourceTree = "<group>"; };
		B100011F2C00000100000001 /* Assets.xcassets */ = {isa = PBXFileReference; lastKnownFileType = folder.assetcatalog; path = Assets.xcassets; sourceTree = "<group>"; };
		B10001202C00000100000001 /* Info.plist */ = {isa = PBXFileReference; lastKnownFileType = text.plist.xml; path = Info.plist; sourceTree = "<group>"; };
		B10001212C00000100000001 /* Since.entitlements */ = {isa = PBXFileReference; lastKnownFileType = text.plist.entitlements; path = Since.entitlements; sourceTree = "<group>"; };
		
		B20002012C00000100000001 /* SinceWidgetBundle.swift */ = {isa = PBXFileReference; lastKnownFileType = sourcecode.swift; path = SinceWidgetBundle.swift; sourceTree = "<group>"; };
		B20002022C00000100000001 /* SinceWidget.swift */ = {isa = PBXFileReference; lastKnownFileType = sourcecode.swift; path = SinceWidget.swift; sourceTree = "<group>"; };
		B20002032C00000100000001 /* SinceWidgetProvider.swift */ = {isa = PBXFileReference; lastKnownFileType = sourcecode.swift; path = SinceWidgetProvider.swift; sourceTree = "<group>"; };
		B20002042C00000100000001 /* WidgetViews.swift */ = {isa = PBXFileReference; lastKnownFileType = sourcecode.swift; path = WidgetViews.swift; sourceTree = "<group>"; };
		B20002052C00000100000001 /* Info.plist */ = {isa = PBXFileReference; lastKnownFileType = text.plist.xml; path = Info.plist; sourceTree = "<group>"; };
		B20002062C00000100000001 /* SinceWidget.entitlements */ = {isa = PBXFileReference; lastKnownFileType = text.plist.entitlements; path = SinceWidget.entitlements; sourceTree = "<group>"; };
		
		B30003012C00000100000001 /* DateCalculationServiceTests.swift */ = {isa = PBXFileReference; lastKnownFileType = sourcecode.swift; path = DateCalculationServiceTests.swift; sourceTree = "<group>"; };
		B30003022C00000100000001 /* StatusCalculationTests.swift */ = {isa = PBXFileReference; lastKnownFileType = sourcecode.swift; path = StatusCalculationTests.swift; sourceTree = "<group>"; };
		B30003032C00000100000001 /* ItemServiceTests.swift */ = {isa = PBXFileReference; lastKnownFileType = sourcecode.swift; path = ItemServiceTests.swift; sourceTree = "<group>"; };
		B30003042C00000100000001 /* ExportImportTests.swift */ = {isa = PBXFileReference; lastKnownFileType = sourcecode.swift; path = ExportImportTests.swift; sourceTree = "<group>"; };
/* End PBXFileReference section */

/* Begin PBXFrameworksBuildPhase section */
		F10000012C00000100000001 /* Frameworks */ = {
			isa = PBXFrameworksBuildPhase;
			buildActionMask = 2147483647;
			files = (
			);
			runOnlyForDeploymentPostprocessing = 0;
		};
		F20000012C00000100000001 /* Frameworks */ = {
			isa = PBXFrameworksBuildPhase;
			buildActionMask = 2147483647;
			files = (
			);
			runOnlyForDeploymentPostprocessing = 0;
		};
		F30000012C00000100000001 /* Frameworks */ = {
			isa = PBXFrameworksBuildPhase;
			buildActionMask = 2147483647;
			files = (
			);
			runOnlyForDeploymentPostprocessing = 0;
		};
/* End PBXFrameworksBuildPhase section */

/* Begin PBXGroup section */
		000000022C00000100000001 = {
			isa = PBXGroup;
			children = (
				000000032C00000100000001 /* Since */,
				000000042C00000100000001 /* SinceTests */,
				000000052C00000100000001 /* Products */,
			);
			sourceTree = "<group>";
		};
		000000032C00000100000001 /* Since */ = {
			isa = PBXGroup;
			children = (
				000000062C00000100000001 /* App */,
				000000072C00000100000001 /* Models */,
				000000082C00000100000001 /* Services */,
				000000092C00000100000001 /* Components */,
				0000000A2C00000100000001 /* Views */,
				0000000B2C00000100000001 /* AppIntents */,
				0000000C2C00000100000001 /* Widgets */,
				0000000D2C00000100000001 /* Resources */,
			);
			path = Since;
			sourceTree = "<group>";
		};
		000000042C00000100000001 /* SinceTests */ = {
			isa = PBXGroup;
			children = (
				B30003012C00000100000001 /* DateCalculationServiceTests.swift */,
				B30003022C00000100000001 /* StatusCalculationTests.swift */,
				B30003032C00000100000001 /* ItemServiceTests.swift */,
				B30003042C00000100000001 /* ExportImportTests.swift */,
			);
			path = SinceTests;
			sourceTree = "<group>";
		};
		000000052C00000100000001 /* Products */ = {
			isa = PBXGroup;
			children = (
				C10001002C00000100000001 /* Since.app */,
				C20002002C00000100000001 /* SinceWidgetExtension.appex */,
				C30003002C00000100000001 /* SinceTests.xctest */,
			);
			name = Products;
			sourceTree = "<group>";
		};
		000000062C00000100000001 /* App */ = {
			isa = PBXGroup;
			children = (
				B10001012C00000100000001 /* SinceApp.swift */,
				B10001022C00000100000001 /* AppEnvironment.swift */,
			);
			path = App;
			sourceTree = "<group>";
		};
		000000072C00000100000001 /* Models */ = {
			isa = PBXGroup;
			children = (
				B10001032C00000100000001 /* IntervalUnit.swift */,
				B10001042C00000100000001 /* ItemStatus.swift */,
				B10001052C00000100000001 /* Category.swift */,
				B10001062C00000100000001 /* CompletionRecord.swift */,
				B10001072C00000100000001 /* TrackedItem.swift */,
				B10001082C00000100000001 /* UserSettings.swift */,
			);
			path = Models;
			sourceTree = "<group>";
		};
		000000082C00000100000001 /* Services */ = {
			isa = PBXGroup;
			children = (
				B10001092C00000100000001 /* DateCalculationService.swift */,
				B100010A2C00000100000001 /* PersistenceService.swift */,
				B100010B2C00000100000001 /* NotificationService.swift */,
				B100010C2C00000100000001 /* ItemService.swift */,
				B100010D2C00000100000001 /* ExportImportService.swift */,
			);
			path = Services;
			sourceTree = "<group>";
		};
		000000092C00000100000001 /* Components */ = {
			isa = PBXGroup;
			children = (
				B100010E2C00000100000001 /* CategoryIconView.swift */,
				B100010F2C00000100000001 /* StatusBadge.swift */,
				B10001102C00000100000001 /* PrimaryButton.swift */,
				B10001112C00000100000001 /* EmptyStateView.swift */,
				B10001122C00000100000001 /* ItemRow.swift */,
			);
			path = Components;
			sourceTree = "<group>";
		};
		0000000A2C00000100000001 /* Views */ = {
			isa = PBXGroup;
			children = (
				B10001132C00000100000001 /* HomeView.swift */,
				B10001142C00000100000001 /* HomeSectionView.swift */,
				B10001152C00000100000001 /* AddItemView.swift */,
				B10001162C00000100000001 /* TemplatePickerView.swift */,
				B10001172C00000100000001 /* ItemDetailView.swift */,
				B10001182C00000100000001 /* EditItemView.swift */,
				B10001192C00000100000001 /* EditRecordView.swift */,
				B100011A2C00000100000001 /* AddRecordView.swift */,
				B100011B2C00000100000001 /* SettingsView.swift */,
				B100011C2C00000100000001 /* ArchivedItemsView.swift */,
				B100011D2C00000100000001 /* OnboardingView.swift */,
			);
			path = Views;
			sourceTree = "<group>";
		};
		0000000B2C00000100000001 /* AppIntents */ = {
			isa = PBXGroup;
			children = (
				B100011E2C00000100000001 /* SinceIntents.swift */,
			);
			path = AppIntents;
			sourceTree = "<group>";
		};
		0000000C2C00000100000001 /* Widgets */ = {
			isa = PBXGroup;
			children = (
				B20002012C00000100000001 /* SinceWidgetBundle.swift */,
				B20002022C00000100000001 /* SinceWidget.swift */,
				B20002032C00000100000001 /* SinceWidgetProvider.swift */,
				B20002042C00000100000001 /* WidgetViews.swift */,
				B20002052C00000100000001 /* Info.plist */,
				B20002062C00000100000001 /* SinceWidget.entitlements */,
			);
			path = Widgets;
			sourceTree = "<group>";
		};
		0000000D2C00000100000001 /* Resources */ = {
			isa = PBXGroup;
			children = (
				B100011F2C00000100000001 /* Assets.xcassets */,
				B10001202C00000100000001 /* Info.plist */,
				B10001212C00000100000001 /* Since.entitlements */,
			);
			path = Resources;
			sourceTree = "<group>";
		};
/* End PBXGroup section */

/* Begin PBXNativeTarget section */
		100000002C00000100000001 /* Since */ = {
			isa = PBXNativeTarget;
			buildConfigurationList = G10000012C00000100000001 /* Build configuration list for PBXNativeTarget "Since" */;
			buildPhases = (
				S10000012C00000100000001 /* Sources */,
				F10000012C00000100000001 /* Frameworks */,
				R10000012C00000100000001 /* Resources */,
				E10000012C00000100000001 /* Embed App Extensions */,
			);
			buildRules = (
			);
			dependencies = (
				H10000012C00000100000001 /* PBXTargetDependency */,
			);
			name = Since;
			productName = Since;
			productReference = C10001002C00000100000001 /* Since.app */;
			productType = "com.apple.product-type.application";
		};
		200000002C00000100000001 /* SinceWidgetExtension */ = {
			isa = PBXNativeTarget;
			buildConfigurationList = G20000012C00000100000001 /* Build configuration list for PBXNativeTarget "SinceWidgetExtension" */;
			buildPhases = (
				S20000012C00000100000001 /* Sources */,
				F20000012C00000100000001 /* Frameworks */,
				R20000012C00000100000001 /* Resources */,
			);
			buildRules = (
			);
			dependencies = (
			);
			name = SinceWidgetExtension;
			productName = SinceWidgetExtension;
			productReference = C20002002C00000100000001 /* SinceWidgetExtension.appex */;
			productType = "com.apple.product-type.app-extension";
		};
		300000002C00000100000001 /* SinceTests */ = {
			isa = PBXNativeTarget;
			buildConfigurationList = G30000012C00000100000001 /* Build configuration list for PBXNativeTarget "SinceTests" */;
			buildPhases = (
				S30000012C00000100000001 /* Sources */,
				F30000012C00000100000001 /* Frameworks */,
				R30000012C00000100000001 /* Resources */,
			);
			buildRules = (
			);
			dependencies = (
				H10000022C00000100000001 /* PBXTargetDependency */,
			);
			name = SinceTests;
			productName = SinceTests;
			productReference = C30003002C00000100000001 /* SinceTests.xctest */;
			productType = "com.apple.product-type.bundle.unit-test";
		};
/* End PBXNativeTarget section */

/* Begin PBXProject section */
		000000012C00000100000001 /* Project object */ = {
			isa = PBXProject;
			attributes = {
				BuildIndependentTargetsInParallel = 1;
				LastSwiftUpdateCheck = 1500;
				LastUpgradeCheck = 1500;
				TargetAttributes = {
					100000002C00000100000001 = {
						CreatedOnToolsVersion = 15.0;
					};
					200000002C00000100000001 = {
						CreatedOnToolsVersion = 15.0;
					};
					300000002C00000100000001 = {
						CreatedOnToolsVersion = 15.0;
						TestTargetID = 100000002C00000100000001;
					};
				};
			};
			buildConfigurationList = G00000012C00000100000001 /* Build configuration list for PBXProject "Since" */;
			compatibilityVersion = "Xcode 14.0";
			developmentRegion = en;
			hasScannedForEncodings = 0;
			knownRegions = (
				en,
				Base,
			);
			mainGroup = 000000022C00000100000001;
			productRefGroup = 000000052C00000100000001 /* Products */;
			projectDirPath = "";
			projectRoot = "";
			targets = (
				100000002C00000100000001 /* Since */,
				200000002C00000100000001 /* SinceWidgetExtension */,
				300000002C00000100000001 /* SinceTests */,
			);
		};
/* End PBXProject section */

/* Begin PBXResourcesBuildPhase section */
		R10000012C00000100000001 /* Resources */ = {
			isa = PBXResourcesBuildPhase;
			buildActionMask = 2147483647;
			files = (
				A100011F2C00000100000001 /* Assets.xcassets in Resources */,
			);
			runOnlyForDeploymentPostprocessing = 0;
		};
		R20000012C00000100000001 /* Resources */ = {
			isa = PBXResourcesBuildPhase;
			buildActionMask = 2147483647;
			files = (
			);
			runOnlyForDeploymentPostprocessing = 0;
		};
		R30000012C00000100000001 /* Resources */ = {
			isa = PBXResourcesBuildPhase;
			buildActionMask = 2147483647;
			files = (
			);
			runOnlyForDeploymentPostprocessing = 0;
		};
/* End PBXResourcesBuildPhase section */

/* Begin PBXSourcesBuildPhase section */
		S10000012C00000100000001 /* Sources */ = {
			isa = PBXSourcesBuildPhase;
			buildActionMask = 2147483647;
			files = (
				A10001012C00000100000001 /* SinceApp.swift in Sources */,
				A10001022C00000100000001 /* AppEnvironment.swift in Sources */,
				A10001032C00000100000001 /* IntervalUnit.swift in Sources */,
				A10001042C00000100000001 /* ItemStatus.swift in Sources */,
				A10001052C00000100000001 /* Category.swift in Sources */,
				A10001062C00000100000001 /* CompletionRecord.swift in Sources */,
				A10001072C00000100000001 /* TrackedItem.swift in Sources */,
				A10001082C00000100000001 /* UserSettings.swift in Sources */,
				A10001092C00000100000001 /* DateCalculationService.swift in Sources */,
				A100010A2C00000100000001 /* PersistenceService.swift in Sources */,
				A100010B2C00000100000001 /* NotificationService.swift in Sources */,
				A100010C2C00000100000001 /* ItemService.swift in Sources */,
				A100010D2C00000100000001 /* ExportImportService.swift in Sources */,
				A100010E2C00000100000001 /* CategoryIconView.swift in Sources */,
				A100010F2C00000100000001 /* StatusBadge.swift in Sources */,
				A10001102C00000100000001 /* PrimaryButton.swift in Sources */,
				A10001112C00000100000001 /* EmptyStateView.swift in Sources */,
				A10001122C00000100000001 /* ItemRow.swift in Sources */,
				A10001132C00000100000001 /* HomeView.swift in Sources */,
				A10001142C00000100000001 /* HomeSectionView.swift in Sources */,
				A10001152C00000100000001 /* AddItemView.swift in Sources */,
				A10001162C00000100000001 /* TemplatePickerView.swift in Sources */,
				A10001172C00000100000001 /* ItemDetailView.swift in Sources */,
				A10001182C00000100000001 /* EditItemView.swift in Sources */,
				A10001192C00000100000001 /* EditRecordView.swift in Sources */,
				A100011A2C00000100000001 /* AddRecordView.swift in Sources */,
				A100011B2C00000100000001 /* SettingsView.swift in Sources */,
				A100011C2C00000100000001 /* ArchivedItemsView.swift in Sources */,
				A100011D2C00000100000001 /* OnboardingView.swift in Sources */,
				A100011E2C00000100000001 /* SinceIntents.swift in Sources */,
			);
			runOnlyForDeploymentPostprocessing = 0;
		};
		S20000012C00000100000001 /* Sources */ = {
			isa = PBXSourcesBuildPhase;
			buildActionMask = 2147483647;
			files = (
				A20002012C00000100000001 /* SinceWidgetBundle.swift in Sources */,
				A20002022C00000100000001 /* SinceWidget.swift in Sources */,
				A20002032C00000100000001 /* SinceWidgetProvider.swift in Sources */,
				A20002042C00000100000001 /* WidgetViews.swift in Sources */,
				A20002052C00000100000001 /* TrackedItem.swift in Sources */,
				A20002062C00000100000001 /* CompletionRecord.swift in Sources */,
				A20002072C00000100000001 /* IntervalUnit.swift in Sources */,
				A20002082C00000100000001 /* ItemStatus.swift in Sources */,
				A20002092C00000100000001 /* DateCalculationService.swift in Sources */,
				A200020A2C00000100000001 /* PersistenceService.swift in Sources */,
				A200020B2C00000100000001 /* UserSettings.swift in Sources */,
				A200020D2C00000100000001 /* Category.swift in Sources */,
			);
			runOnlyForDeploymentPostprocessing = 0;
		};
		S30000012C00000100000001 /* Sources */ = {
			isa = PBXSourcesBuildPhase;
			buildActionMask = 2147483647;
			files = (
				A30003012C00000100000001 /* DateCalculationServiceTests.swift in Sources */,
				A30003022C00000100000001 /* StatusCalculationTests.swift in Sources */,
				A30003032C00000100000001 /* ItemServiceTests.swift in Sources */,
				A30003042C00000100000001 /* ExportImportTests.swift in Sources */,
			);
			runOnlyForDeploymentPostprocessing = 0;
		};
/* End PBXSourcesBuildPhase section */

/* Begin PBXTargetDependency section */
		H10000012C00000100000001 /* PBXTargetDependency */ = {
			isa = PBXTargetDependency;
			target = 200000002C00000100000001 /* SinceWidgetExtension */;
			targetProxy = D10000012C00000100000001 /* PBXContainerItemProxy */;
		};
		H10000022C00000100000001 /* PBXTargetDependency */ = {
			isa = PBXTargetDependency;
			target = 100000002C00000100000001 /* Since */;
			targetProxy = D10000022C00000100000001 /* PBXContainerItemProxy */;
		};
/* End PBXTargetDependency section */

/* Begin XCBuildConfiguration section */
		C00000012C00000100000001 /* Debug */ = {
			isa = XCBuildConfiguration;
			buildSettings = {
				ALWAYS_SEARCH_USER_PATHS = NO;
				CLANG_ANALYZER_NONNULL = YES;
				CLANG_CXX_LANGUAGE_STANDARD = "gnu++20";
				CLANG_ENABLE_MODULES = YES;
				CLANG_ENABLE_OBJC_ARC = YES;
				COPY_PHASE_STRIP = NO;
				DEBUG_INFORMATION_FORMAT = dwarf;
				ENABLE_STRICT_OBJC_MSGSEND = YES;
				ENABLE_TESTABILITY = YES;
				GCC_DYNAMIC_NO_PIC = NO;
				GCC_NO_COMMON_BLOCKS = YES;
				GCC_OPTIMIZATION_LEVEL = 0;
				GCC_PREPROCESSOR_DEFINITIONS = (
					"DEBUG=1",
					"$(inherited)",
				);
				IPHONEOS_DEPLOYMENT_TARGET = 17.0;
				MTL_ENABLE_DEBUG_INFO = INCLUDE_SOURCE;
				ONLY_ACTIVE_ARCH = YES;
				SDKROOT = iphoneos;
				SWIFT_ACTIVE_COMPILATION_CONDITIONS = "DEBUG $(inherited)";
				SWIFT_OPTIMIZATION_LEVEL = "-Onone";
				SWIFT_VERSION = 5.9;
			};
			name = Debug;
		};
		C00000022C00000100000001 /* Release */ = {
			isa = XCBuildConfiguration;
			buildSettings = {
				ALWAYS_SEARCH_USER_PATHS = NO;
				CLANG_ANALYZER_NONNULL = YES;
				CLANG_CXX_LANGUAGE_STANDARD = "gnu++20";
				CLANG_ENABLE_MODULES = YES;
				CLANG_ENABLE_OBJC_ARC = YES;
				COPY_PHASE_STRIP = NO;
				DEBUG_INFORMATION_FORMAT = "dwarf-with-dsym";
				ENABLE_NS_ASSERTIONS = NO;
				ENABLE_STRICT_OBJC_MSGSEND = YES;
				GCC_NO_COMMON_BLOCKS = YES;
				IPHONEOS_DEPLOYMENT_TARGET = 17.0;
				MTL_ENABLE_DEBUG_INFO = NO;
				SDKROOT = iphoneos;
				SWIFT_COMPILATION_MODE = wholemodule;
				SWIFT_OPTIMIZATION_LEVEL = "-O";
				SWIFT_VERSION = 5.9;
				VALIDATE_PRODUCT = YES;
			};
			name = Release;
		};
		C10000012C00000100000001 /* Debug */ = {
			isa = XCBuildConfiguration;
			buildSettings = {
				AD_HOC_CODE_SIGNING_ALLOWED = YES;
				ASSETCATALOG_COMPILER_APPICON_NAME = AppIcon;
				ASSETCATALOG_COMPILER_GLOBAL_ACCENT_COLOR_NAME = AccentColor;
				CODE_SIGN_IDENTITY = "-";
				CODE_SIGN_STYLE = Manual;
				CURRENT_PROJECT_VERSION = 1;
				DEVELOPMENT_ASSET_PATHS = "";
				ENABLE_PREVIEWS = YES;
				GENERATE_INFOPLIST_FILE = NO;
				INFOPLIST_FILE = Since/Resources/Info.plist;
				LD_RUNPATH_SEARCH_PATHS = (
					"$(inherited)",
					"@executable_path/Frameworks",
				);
				MARKETING_VERSION = 1.0.0;
				PRODUCT_BUNDLE_IDENTIFIER = com.since.app;
				PRODUCT_NAME = "$(TARGET_NAME)";
				SWIFT_EMIT_LOC_STRINGS = YES;
				TARGETED_DEVICE_FAMILY = "1,2";
			};
			name = Debug;
		};
		C10000022C00000100000001 /* Release */ = {
			isa = XCBuildConfiguration;
			buildSettings = {
				AD_HOC_CODE_SIGNING_ALLOWED = YES;
				ASSETCATALOG_COMPILER_APPICON_NAME = AppIcon;
				ASSETCATALOG_COMPILER_GLOBAL_ACCENT_COLOR_NAME = AccentColor;
				CODE_SIGN_IDENTITY = "-";
				CODE_SIGN_STYLE = Manual;
				CURRENT_PROJECT_VERSION = 1;
				DEVELOPMENT_ASSET_PATHS = "";
				ENABLE_PREVIEWS = YES;
				GENERATE_INFOPLIST_FILE = NO;
				INFOPLIST_FILE = Since/Resources/Info.plist;
				LD_RUNPATH_SEARCH_PATHS = (
					"$(inherited)",
					"@executable_path/Frameworks",
				);
				MARKETING_VERSION = 1.0.0;
				PRODUCT_BUNDLE_IDENTIFIER = com.since.app;
				PRODUCT_NAME = "$(TARGET_NAME)";
				SWIFT_EMIT_LOC_STRINGS = YES;
				TARGETED_DEVICE_FAMILY = "1,2";
			};
			name = Release;
		};
		C20000012C00000100000001 /* Debug */ = {
			isa = XCBuildConfiguration;
			buildSettings = {
				AD_HOC_CODE_SIGNING_ALLOWED = YES;
				CODE_SIGN_IDENTITY = "-";
				CODE_SIGN_STYLE = Manual;
				CURRENT_PROJECT_VERSION = 1;
				GENERATE_INFOPLIST_FILE = NO;
				INFOPLIST_FILE = Since/Widgets/Info.plist;
				LD_RUNPATH_SEARCH_PATHS = (
					"$(inherited)",
					"@executable_path/Frameworks",
					"@executable_path/../../Frameworks",
				);
				MARKETING_VERSION = 1.0.0;
				PRODUCT_BUNDLE_IDENTIFIER = com.since.app.SinceWidget;
				PRODUCT_NAME = "$(TARGET_NAME)";
				SWIFT_EMIT_LOC_STRINGS = YES;
				TARGETED_DEVICE_FAMILY = "1,2";
			};
			name = Debug;
		};
		C20000022C00000100000001 /* Release */ = {
			isa = XCBuildConfiguration;
			buildSettings = {
				AD_HOC_CODE_SIGNING_ALLOWED = YES;
				CODE_SIGN_IDENTITY = "-";
				CODE_SIGN_STYLE = Manual;
				CURRENT_PROJECT_VERSION = 1;
				GENERATE_INFOPLIST_FILE = NO;
				INFOPLIST_FILE = Since/Widgets/Info.plist;
				LD_RUNPATH_SEARCH_PATHS = (
					"$(inherited)",
					"@executable_path/Frameworks",
					"@executable_path/../../Frameworks",
				);
				MARKETING_VERSION = 1.0.0;
				PRODUCT_BUNDLE_IDENTIFIER = com.since.app.SinceWidget;
				PRODUCT_NAME = "$(TARGET_NAME)";
				SWIFT_EMIT_LOC_STRINGS = YES;
				TARGETED_DEVICE_FAMILY = "1,2";
			};
			name = Release;
		};
		C30000012C00000100000001 /* Debug */ = {
			isa = XCBuildConfiguration;
			buildSettings = {
				ALWAYS_EMBED_SWIFT_STANDARD_LIBRARIES = YES;
				BUNDLE_LOADER = "$(TEST_HOST)";
				CURRENT_PROJECT_VERSION = 1;
				GENERATE_INFOPLIST_FILE = YES;
				MARKETING_VERSION = 1.0.0;
				PRODUCT_BUNDLE_IDENTIFIER = com.since.app.SinceTests;
				PRODUCT_NAME = "$(TARGET_NAME)";
				SWIFT_EMIT_LOC_STRINGS = NO;
				TARGETED_DEVICE_FAMILY = "1,2";
				TEST_HOST = "$(BUILT_PRODUCTS_DIR)/Since.app/$(BUNDLE_EXECUTABLE_FOLDER_PATH)/Since";
			};
			name = Debug;
		};
		C30000022C00000100000001 /* Release */ = {
			isa = XCBuildConfiguration;
			buildSettings = {
				ALWAYS_EMBED_SWIFT_STANDARD_LIBRARIES = YES;
				BUNDLE_LOADER = "$(TEST_HOST)";
				CURRENT_PROJECT_VERSION = 1;
				GENERATE_INFOPLIST_FILE = YES;
				MARKETING_VERSION = 1.0.0;
				PRODUCT_BUNDLE_IDENTIFIER = com.since.app.SinceTests;
				PRODUCT_NAME = "$(TARGET_NAME)";
				SWIFT_EMIT_LOC_STRINGS = NO;
				TARGETED_DEVICE_FAMILY = "1,2";
				TEST_HOST = "$(BUILT_PRODUCTS_DIR)/Since.app/$(BUNDLE_EXECUTABLE_FOLDER_PATH)/Since";
			};
			name = Release;
		};
/* End XCBuildConfiguration section */

/* Begin XCConfigurationList section */
		G00000012C00000100000001 /* Build configuration list for PBXProject "Since" */ = {
			isa = XCConfigurationList;
			buildConfigurations = (
				C00000012C00000100000001 /* Debug */,
				C00000022C00000100000001 /* Release */,
			);
			defaultConfigurationIsVisible = 0;
			defaultConfigurationName = Release;
		};
		G10000012C00000100000001 /* Build configuration list for PBXNativeTarget "Since" */ = {
			isa = XCConfigurationList;
			buildConfigurations = (
				C10000012C00000100000001 /* Debug */,
				C10000022C00000100000001 /* Release */,
			);
			defaultConfigurationIsVisible = 0;
			defaultConfigurationName = Release;
		};
		G20000012C00000100000001 /* Build configuration list for PBXNativeTarget "SinceWidgetExtension" */ = {
			isa = XCConfigurationList;
			buildConfigurations = (
				C20000012C00000100000001 /* Debug */,
				C20000022C00000100000001 /* Release */,
			);
			defaultConfigurationIsVisible = 0;
			defaultConfigurationName = Release;
		};
		G30000012C00000100000001 /* Build configuration list for PBXNativeTarget "SinceTests" */ = {
			isa = XCConfigurationList;
			buildConfigurations = (
				C30000012C00000100000001 /* Debug */,
				C30000022C00000100000001 /* Release */,
			);
			defaultConfigurationIsVisible = 0;
			defaultConfigurationName = Release;
		};
/* End XCConfigurationList section */

	};
	rootObject = 000000012C00000100000001 /* Project object */;
}
